
Microsoft Visual Studio Solution File, Format Version 12.00
# Visual Studio Version 16
VisualStudioVersion = 16.0.30717.126
MinimumVisualStudioVersion = 10.0.40219.1
Project("{9A19103F-16F7-4668-BE54-9A1E7A4F7556}") = "ImageEditor", "ImageEditor\ImageEditor.csproj", "{C1841F4F-A9A9-4C65-B651-353AB9E8247C}"
EndProject
Project("{FAE04EC0-301F-11D3-BF4B-00C04F79EFBC}") = "ImageEditorFormApp", "ImageEditorFormApp\ImageEditorFormApp.csproj", "{F6C957AC-2DA5-4E28-BFFC-5BA6BE1E79E7}"
EndProject
Global
	GlobalSection(SolutionConfigurationPlatforms) = preSolution
		Debug|Any CPU = Debug|Any CPU
		Release|Any CPU = Release|Any CPU
	EndGlobalSection
	GlobalSection(ProjectConfigurationPlatforms) = postSolution
		{C1841F4F-A9A9-4C65-B651-353AB9E8247C}.Debug|Any CPU.ActiveCfg = Debug|Any CPU
		{C1841F4F-A9A9-4C65-B651-353AB9E8247C}.Debug|Any CPU.Build.0 = Debug|Any CPU
		{C1841F4F-A9A9-4C65-B651-353AB9E8247C}.Release|Any CPU.ActiveCfg = Release|Any CPU
		{C1841F4F-A9A9-4C65-B651-353AB9E8247C}.Release|Any CPU.Build.0 = Release|Any CPU
		{F6C957AC-2DA5-4E28-BFFC-5BA6BE1E79E7}.Debug|Any CPU.ActiveCfg = Debug|Any CPU
		{F6C957AC-2DA5-4E28-BFFC-5BA6BE1E79E7}.Debug|Any CPU.Build.0 = Debug|Any CPU
		{F6C957AC-2DA5-4E28-BFFC-5BA6BE1E79E7}.Release|Any CPU.ActiveCfg = Release|Any CPU
		{F6C957AC-2DA5-4E28-BFFC-5BA6BE1E79E7}.Release|Any CPU.Build.0 = Release|Any CPU
	EndGlobalSection
	GlobalSection(SolutionProperties) = preSolution
		HideSolutionNode = FALSE
	EndGlobalSection
	GlobalSection(ExtensibilityGlobals) = postSolution
		SolutionGuid = {5629544B-EF69-4C28-9174-E568EA546887}
	EndGlobalSection
EndGlobal
